{
  "name": "app",
  "lockfileVersion": 3,
  "requires": true,
  "packages": {
    "": {
      "dependencies": {
        "@types/telegram-web-app": "^10.1.0",
        "@uirouter/angularjs": "^1.1.2",
        "angular": "^1.8.2",
        "angular-animate": "^1.8.2",
        "angular-aria": "^1.8.2",
        "angular-material": "^1.2.5",
        "crypto-js": "^4.2.0",
        "lightweight-charts": "^4.2.2",
        "remove": "^0.1.5"
      }
    },
    "node_modules/@types/telegram-web-app": {
      "version": "10.1.0",
      "resolved": "https://registry.npmjs.org/@types/telegram-web-app/-/telegram-web-app-10.1.0.tgz",
      "integrity": "sha512-g3AUv1lSUAFCg9tIfuEBBTy3Hs3+I6pI/BePWgFIunhREzqDL45jSeHjy66+/QDNxdCkVIfXVUC8N1a01PC3Lw==",
      "license": "MIT"
    },
    "node_modules/@uirouter/angularjs": {
      "version": "1.1.2",
      "resolved": "https://registry.npmjs.org/@uirouter/angularjs/-/angularjs-1.1.2.tgz",
      "integrity": "sha512-jwQoNxqNXoo2GbJTrudwEmRqnnjEhC0HiRD+vsmU8Kp7nLHhI7s9CYhVn7HjHbysGAb/loVwZ5D/r4bWMzc45A==",
      "license": "MIT",
      "engines": {
        "node": ">=4.0.0"
      },
      "peerDependencies": {
        "@uirouter/core": "^6.1.2",
        "angular": ">=1.2.0"
      }
    },
    "node_modules/@uirouter/core": {
      "version": "6.1.2",
      "resolved": "https://registry.npmjs.org/@uirouter/core/-/core-6.1.2.tgz",
      "integrity": "sha512-pYcg+cxVd9E9poC7AJf7ZrlQQrwAV6KVkiPvlbLJX5km+pBWrUOGQhdd87oIGc7/5iVQ7qSiAdl9QD+l55yegg==",
      "license": "MIT",
      "peer": true,
      "engines": {
        "node": ">=4.0.0"
      }
    },
    "node_modules/angular": {
      "version": "1.8.3",
      "resolved": "https://registry.npmjs.org/angular/-/angular-1.8.3.tgz",
      "integrity": "sha512-5qjkWIQQVsHj4Sb5TcEs4WZWpFeVFHXwxEBHUhrny41D8UrBAd6T/6nPPAsLngJCReIOqi95W3mxdveveutpZw==",
      "deprecated": "For the actively supported Angular, see https://www.npmjs.com/package/@angular/core. AngularJS support has officially ended. For extended AngularJS support options, see https://goo.gle/angularjs-path-forward.",
      "license": "MIT"
    },
    "node_modules/angular-animate": {
      "version": "1.8.3",
      "resolved": "https://registry.npmjs.org/angular-animate/-/angular-animate-1.8.3.tgz",
      "integrity": "sha512-/LtTKvy5sD6MZbV0v+nHgOIpnFF0mrUp+j5WIxVprVhcrJriYpuCZf4S7Owj1o76De/J0eRzANUozNJ6hVepnQ==",
      "deprecated": "For the actively supported Angular, see https://www.npmjs.com/package/@angular/core. AngularJS support has officially ended. For extended AngularJS support options, see https://goo.gle/angularjs-path-forward.",
      "license": "MIT"
    },
    "node_modules/angular-aria": {
      "version": "1.8.3",
      "resolved": "https://registry.npmjs.org/angular-aria/-/angular-aria-1.8.3.tgz",
      "integrity": "sha512-qTXclmTW/KGw5JNKKQPcCKKq6hCBZ39jYINmLgMsjUHBAoxULaMRRTaRj/L2VTOjKvK5f9enkx+EUqRqzXDSFQ==",
      "deprecated": "For the actively supported Angular, see https://www.npmjs.com/package/@angular/core. AngularJS support has officially ended. For extended AngularJS support options, see https://goo.gle/angularjs-path-forward.",
      "license": "MIT"
    },
    "node_modules/angular-material": {
      "version": "1.2.5",
      "resolved": "https://registry.npmjs.org/angular-material/-/angular-material-1.2.5.tgz",
      "integrity": "sha512-bTTDV0vszpfms1tAMzhLntxBiNMCk/I3Mx/vhbtfhijJILODjpDBfWah0nvWrniFIcxMLcsb1tcPri13hZEaew==",
      "deprecated": "For the actively supported Angular Material, see https://www.npmjs.com/package/@angular/material. AngularJS support has officially ended. For extended AngularJS support options, see https://goo.gle/angularjs-path-forward.",
      "license": "MIT",
      "peerDependencies": {
        "angular": "^1.7.2",
        "angular-animate": "^1.7.2",
        "angular-aria": "^1.7.2",
        "angular-messages": "^1.7.2"
      }
    },
    "node_modules/angular-messages": {
      "version": "1.8.3",
      "resolved": "https://registry.npmjs.org/angular-messages/-/angular-messages-1.8.3.tgz",
      "integrity": "sha512-f/ywtg32lqzX8FnXkBJOyn13lbCbo333/xy/5TTFcsH/gZdXoiuERj+dLTOs8xHCkOeFQhFx0VD0DgtMgSag7A==",
      "license": "MIT",
      "peer": true
    },
    "node_modules/chainsaw": {
      "version": "0.0.9",
      "resolved": "https://registry.npmjs.org/chainsaw/-/chainsaw-0.0.9.tgz",
      "integrity": "sha512-nG8PYH+/4xB+8zkV4G844EtfvZ5tTiLFoX3dZ4nhF4t3OCKIb9UvaFyNmeZO2zOSmRWzBoTD+napN6hiL+EgcA==",
      "license": "MIT/X11",
      "dependencies": {
        "traverse": ">=0.3.0 <0.4"
      },
      "engines": {
        "node": "*"
      }
    },
    "node_modules/crypto-js": {
      "version": "4.2.0",
      "resolved": "https://registry.npmjs.org/crypto-js/-/crypto-js-4.2.0.tgz",
      "integrity": "sha512-KALDyEYgpY+Rlob/iriUtjV6d5Eq+Y191A5g4UqLAi8CyGP9N1+FdVbkc1SxKc2r4YAYqG8JzO2KGL+AizD70Q==",
      "deprecated": "Active development of CryptoJS has been discontinued. This library is no longer maintained.",
      "license": "MIT"
    },
    "node_modules/fancy-canvas": {
      "version": "2.1.0",
      "resolved": "https://registry.npmjs.org/fancy-canvas/-/fancy-canvas-2.1.0.tgz",
      "integrity": "sha512-nifxXJ95JNLFR2NgRV4/MxVP45G9909wJTEKz5fg/TZS20JJZA6hfgRVh/bC9bwl2zBtBNcYPjiBE4njQHVBwQ==",
      "license": "MIT"
    },
    "node_modules/hashish": {
      "version": "0.0.4",
      "resolved": "https://registry.npmjs.org/hashish/-/hashish-0.0.4.tgz",
      "integrity": "sha512-xyD4XgslstNAs72ENaoFvgMwtv8xhiDtC2AtzCG+8yF7W/Knxxm9BX+e2s25mm+HxMKh0rBmXVOEGF3zNImXvA==",
      "license": "MIT/X11",
      "dependencies": {
        "traverse": ">=0.2.4"
      },
      "engines": {
        "node": "*"
      }
    },
    "node_modules/lightweight-charts": {
      "version": "4.2.2",
      "resolved": "https://registry.npmjs.org/lightweight-charts/-/lightweight-charts-4.2.2.tgz",
      "integrity": "sha512-H5u9BfUeWzOA90QaqAlGjz1tePa7kUihKSOMiE4538/xMuM3k3n6bWYxuZSj9zwIj1PhgY/J5HTA/4lMk/lYYQ==",
      "license": "Apache-2.0",
      "dependencies": {
        "fancy-canvas": "2.1.0"
      }
    },
    "node_modules/remove": {
      "version": "0.1.5",
      "resolved": "https://registry.npmjs.org/remove/-/remove-0.1.5.tgz",
      "integrity": "sha512-AJMA9oWvJzdTjwIGwSQZsjGQiRx73YTmiOWmfCp1fpLa/D4n7jKcpoA+CZiVLJqKcEKUuh1Suq80c5wF+L/qVQ==",
      "license": "MIT",
      "dependencies": {
        "seq": ">= 0.3.5"
      }
    },
    "node_modules/seq": {
      "version": "0.3.5",
      "resolved": "https://registry.npmjs.org/seq/-/seq-0.3.5.tgz",
      "integrity": "sha512-sisY2Ln1fj43KBkRtXkesnRHYNdswIkIibvNe/0UKm2GZxjMbqmccpiatoKr/k2qX5VKiLU8xm+tz/74LAho4g==",
      "license": "MIT/X11",
      "dependencies": {
        "chainsaw": ">=0.0.7 <0.1",
        "hashish": ">=0.0.2 <0.1"
      },
      "engines": {
        "node": "*"
      }
    },
    "node_modules/traverse": {
      "version": "0.3.9",
      "resolved": "https://registry.npmjs.org/traverse/-/traverse-0.3.9.tgz",
      "integrity": "sha512-iawgk0hLP3SxGKDfnDJf8wTz4p2qImnyihM5Hh/sGvQ3K37dPi/w8sRhdNIxYA1TwFwc5mDhIJq+O0RsvXBKdQ==",
      "license": "MIT/X11",
      "engines": {
        "node": "*"
      }
    }
  }
}
